{
  "name": "openpe-ide-inject",
  "version": "0.1.0-dev",
  "lockfileVersion": 3,
  "requires": true,
  "packages": {
    "": {
      "name": "openpe-ide-inject",
      "version": "0.1.0-dev",
      "license": "MIT",
      "devDependencies": {
        "esbuild-wasm": "0.24.2",
        "typescript": "5.9.3"
      },
      "engines": {
        "node": ">=22.18.0"
      }
    },
    "node_modules/esbuild-wasm": {
      "version": "0.24.2",
      "resolved": "https://registry.npmmirror.com/esbuild-wasm/-/esbuild-wasm-0.24.2.tgz",
      "integrity": "sha512-03/7Z1gD+ohDnScFztvI4XddTAbKVmMEzCvvkBpQdWKEXJ+73dTyeNrmdxP1Q0zpDMFjzUJwtK4rLjqwiHbzkw==",
      "dev": true,
      "license": "MIT",
      "bin": {
        "esbuild": "bin/esbuild"
      },
      "engines": {
        "node": ">=18"
      }
    },
    "node_modules/typescript": {
      "version": "5.9.3",
      "resolved": "https://registry.npmmirror.com/typescript/-/typescript-5.9.3.tgz",
      "integrity": "sha512-jl1vZzPDinLr9eUt3J/t7V6FgNEw9QjvBPdysz9KfQDD41fQrC2Y4vKQdiaUpFT4bXlb1RHhLpp8wtm6M5TgSw==",
      "dev": true,
      "license": "Apache-2.0",
      "bin": {
        "tsc": "bin/tsc",
        "tsserver": "bin/tsserver"
      },
      "engines": {
        "node": ">=14.17"
      }
    }
  }
}
